
Microsoft Visual Studio Solution File, Format Version 12.00
# Visual Studio Version 17
VisualStudioVersion = 17.3.32819.101
MinimumVisualStudioVersion = 10.0.40219.1
Project("{FAE04EC0-301F-11D3-BF4B-00C04F79EFBC}") = "NemeTschek", "NemeTschek.csproj", "{759327AF-E9F3-4FE1-863C-EA3574B985F9}"
EndProject
Global
	GlobalSection(SolutionConfigurationPlatforms) = preSolution
		Debug|Any CPU = Debug|Any CPU
		Release|Any CPU = Release|Any CPU
	EndGlobalSection
	GlobalSection(ProjectConfigurationPlatforms) = postSolution
		{759327AF-E9F3-4FE1-863C-EA3574B985F9}.Debug|Any CPU.ActiveCfg = Debug|Any CPU
		{759327AF-E9F3-4FE1-863C-EA3574B985F9}.Debug|Any CPU.Build.0 = Debug|Any CPU
		{759327AF-E9F3-4FE1-863C-EA3574B985F9}.Release|Any CPU.ActiveCfg = Release|Any CPU
		{759327AF-E9F3-4FE1-863C-EA3574B985F9}.Release|Any CPU.Build.0 = Release|Any CPU
	EndGlobalSection
	GlobalSection(SolutionProperties) = preSolution
		HideSolutionNode = FALSE
	EndGlobalSection
	GlobalSection(ExtensibilityGlobals) = postSolution
		SolutionGuid = {6D18E4B8-E918-4954-A283-9AE9996A7086}
	EndGlobalSection
EndGlobal
